// !$*UTF8*$!
{
	archiveVersion = 1;
	classes = {
	};
	objectVersion = 46;
	objects = {

/* Begin PBXBuildFile section */
		476B784C1B97008300EFEDAC /* main.swift in Sources */ = {isa = PBXBuildFile; fileRef = 476B784B1B97008300EFEDAC /* main.swift */; };
		476B78531B9700AB00EFEDAC /* Fuzzy.swift in Sources */ = {isa = PBXBuildFile; fileRef = 476B78521B9700AB00EFEDAC /* Fuzzy.swift */; };
		476B78551B97020A00EFEDAC /* FuzzySet.swift in Sources */ = {isa = PBXBuildFile; fileRef = 476B78541B97020A00EFEDAC /* FuzzySet.swift */; };
		476B78571B97024400EFEDAC /* FAM.swift in Sources */ = {isa = PBXBuildFile; fileRef = 476B78561B97024400EFEDAC /* FAM.swift */; };
		476B78591B97028700EFEDAC /* Members.swift in Sources */ = {isa = PBXBuildFile; fileRef = 476B78581B97028700EFEDAC /* Members.swift */; };
/* End PBXBuildFile section */

/* Begin PBXCopyFilesBuildPhase section */
		476B78461B97008300EFEDAC /* CopyFiles */ = {
			isa = PBXCopyFilesBuildPhase;
			buildActionMask = 2147483647;
			dstPath = /usr/share/man/man1/;
			dstSubfolderSpec = 0;
			files = (
			);
			runOnlyForDeploymentPostprocessing = 1;
		};
/* End PBXCopyFilesBuildPhase section */

/* Begin PBXFileReference section */
		476B78481B97008300EFEDAC /* FuzzyLogic */ = {isa = PBXFileReference; explicitFileType = "compiled.mach-o.executable"; includeInIndex = 0; path = FuzzyLogic; sourceTree = BUILT_PRODUCTS_DIR; };
		476B784B1B97008300EFEDAC /* main.swift */ = {isa = PBXFileReference; lastKnownFileType = sourcecode.swift; path = main.swift; sourceTree = "<group>"; };
		476B78521B9700AB00EFEDAC /* Fuzzy.swift */ = {isa = PBXFileReference; fileEncoding = 4; lastKnownFileType = sourcecode.swift; path = Fuzzy.swift; sourceTree = "<group>"; };
		476B78541B97020A00EFEDAC /* FuzzySet.swift */ = {isa = PBXFileReference; fileEncoding = 4; lastKnownFileType = sourcecode.swift; path = FuzzySet.swift; sourceTree = "<group>"; };
		476B78561B97024400EFEDAC /* FAM.swift */ = {isa = PBXFileReference; fileEncoding = 4; lastKnownFileType = sourcecode.swift; path = FAM.swift; sourceTree = "<group>"; };
		476B78581B97028700EFEDAC /* Members.swift */ = {isa = PBXFileReference; fileEncoding = 4; lastKnownFileType = sourcecode.swift; path = Members.swift; sourceTree = "<group>"; };
		476B785A1B97053B00EFEDAC /* C++ Classes for Fuzzy Logic | Dr Dobb's.pdf */ = {isa = PBXFileReference; lastKnownFileType = image.pdf; path = "C++ Classes for Fuzzy Logic | Dr Dobb's.pdf"; sourceTree = "<group>"; };
/* End PBXFileReference section */

/* Begin PBXFrameworksBuildPhase section */
		476B78451B97008300EFEDAC /* Frameworks */ = {
			isa = PBXFrameworksBuildPhase;
			buildActionMask = 2147483647;
			files = (
			);
			runOnlyForDeploymentPostprocessing = 0;
		};
/* End PBXFrameworksBuildPhase section */

/* Begin PBXGroup section */
		476B783F1B97008300EFEDAC = {
			isa = PBXGroup;
			children = (
				476B784A1B97008300EFEDAC /* FuzzyLogic */,
				476B78491B97008300EFEDAC /* Products */,
			);
			sourceTree = "<group>";
		};
		476B78491B97008300EFEDAC /* Products */ = {
			isa = PBXGroup;
			children = (
				476B78481B97008300EFEDAC /* FuzzyLogic */,
			);
			name = Products;
			sourceTree = "<group>";
		};
		476B784A1B97008300EFEDAC /* FuzzyLogic */ = {
			isa = PBXGroup;
			children = (
				476B784B1B97008300EFEDAC /* main.swift */,
				476B78521B9700AB00EFEDAC /* Fuzzy.swift */,
				476B78541B97020A00EFEDAC /* FuzzySet.swift */,
				476B78561B97024400EFEDAC /* FAM.swift */,
				476B78581B97028700EFEDAC /* Members.swift */,
				476B785A1B97053B00EFEDAC /* C++ Classes for Fuzzy Logic | Dr Dobb's.pdf */,
			);
			path = FuzzyLogic;
			sourceTree = "<group>";
		};
/* End PBXGroup section */

/* Begin PBXNativeTarget section */
		476B78471B97008300EFEDAC /* FuzzyLogic */ = {
			isa = PBXNativeTarget;
			buildConfigurationList = 476B784F1B97008300EFEDAC /* Build configuration list for PBXNativeTarget "FuzzyLogic" */;
			buildPhases = (
				476B78441B97008300EFEDAC /* Sources */,
				476B78451B97008300EFEDAC /* Frameworks */,
				476B78461B97008300EFEDAC /* CopyFiles */,
			);
			buildRules = (
			);
			dependencies = (
			);
			name = FuzzyLogic;
			productName = FuzzyLogic;
			productReference = 476B78481B97008300EFEDAC /* FuzzyLogic */;
			productType = "com.apple.product-type.tool";
		};
/* End PBXNativeTarget section */

/* Begin PBXProject section */
		476B78401B97008300EFEDAC /* Project object */ = {
			isa = PBXProject;
			attributes = {
				LastUpgradeCheck = 1320;
				ORGANIZATIONNAME = "Computer Inspirations";
				TargetAttributes = {
					476B78471B97008300EFEDAC = {
						CreatedOnToolsVersion = 7.0;
						LastSwiftMigration = 1320;
					};
				};
			};
			buildConfigurationList = 476B78431B97008300EFEDAC /* Build configuration list for PBXProject "FuzzyLogic" */;
			compatibilityVersion = "Xcode 3.2";
			developmentRegion = en;
			hasScannedForEncodings = 0;
			knownRegions = (
				en,
				Base,
			);
			mainGroup = 476B783F1B97008300EFEDAC;
			productRefGroup = 476B78491B97008300EFEDAC /* Products */;
			projectDirPath = "";
			projectRoot = "";
			targets = (
				476B78471B97008300EFEDAC /* FuzzyLogic */,
			);
		};
/* End PBXProject section */

/* Begin PBXSourcesBuildPhase section */
		476B78441B97008300EFEDAC /* Sources */ = {
			isa = PBXSourcesBuildPhase;
			buildActionMask = 2147483647;
			files = (
				476B78571B97024400EFEDAC /* FAM.swift in Sources */,
				476B78591B97028700EFEDAC /* Members.swift in Sources */,
				476B78531B9700AB00EFEDAC /* Fuzzy.swift in Sources */,
				476B784C1B97008300EFEDAC /* main.swift in Sources */,
				476B78551B97020A00EFEDAC /* FuzzySet.swift in Sources */,
			);
			runOnlyForDeploymentPostprocessing = 0;
		};
/* End PBXSourcesBuildPhase section */

/* Begin XCBuildConfiguration section */
		476B784D1B97008300EFEDAC /* Debug */ = {
			isa = XCBuildConfiguration;
			buildSettings = {
				ALWAYS_SEARCH_USER_PATHS = NO;
				CLANG_ANALYZER_LOCALIZABILITY_NONLOCALIZED = YES;
				CLANG_CXX_LANGUAGE_STANDARD = "gnu++0x";
				CLANG_CXX_LIBRARY = "libc++";
				CLANG_ENABLE_MODULES = YES;
				CLANG_ENABLE_OBJC_ARC = YES;
				CLANG_WARN_BLOCK_CAPTURE_AUTORELEASING = YES;
				CLANG_WARN_BOOL_CONVERSION = YES;
				CLANG_WARN_COMMA = YES;
				CLANG_WARN_CONSTANT_CONVERSION = YES;
				CLANG_WARN_DEPRECATED_OBJC_IMPLEMENTATIONS = YES;
				CLANG_WARN_DIRECT_OBJC_ISA_USAGE = YES_ERROR;
				CLANG_WARN_EMPTY_BODY = YES;
				CLANG_WARN_ENUM_CONVERSION = YES;
				CLANG_WARN_INFINITE_RECURSION = YES;
				CLANG_WARN_INT_CONVERSION = YES;
				CLANG_WARN_NON_LITERAL_NULL_CONVERSION = YES;
				CLANG_WARN_OBJC_IMPLICIT_RETAIN_SELF = YES;
				CLANG_WARN_OBJC_LITERAL_CONVERSION = YES;
				CLANG_WARN_OBJC_ROOT_CLASS = YES_ERROR;
				CLANG_WARN_QUOTED_INCLUDE_IN_FRAMEWORK_HEADER = YES;
				CLANG_WARN_RANGE_LOOP_ANALYSIS = YES;
				CLANG_WARN_STRICT_PROTOTYPES = YES;
				CLANG_WARN_SUSPICIOUS_MOVE = YES;
				CLANG_WARN_UNREACHABLE_CODE = YES;
				CLANG_WARN__DUPLICATE_METHOD_MATCH = YES;
				COPY_PHASE_STRIP = NO;
				DEBUG_INFORMATION_FORMAT = dwarf;
				ENABLE_STRICT_OBJC_MSGSEND = YES;
				ENABLE_TESTABILITY = YES;
				GCC_C_LANGUAGE_STANDARD = gnu99;
				GCC_DYNAMIC_NO_PIC = NO;
				GCC_NO_COMMON_BLOCKS = YES;
				GCC_OPTIMIZATION_LEVEL = 0;
				GCC_PREPROCESSOR_DEFINITIONS = (
					"DEBUG=1",
					"$(inherited)",
				);
				GCC_WARN_64_TO_32_BIT_CONVERSION = YES;
				GCC_WARN_ABOUT_RETURN_TYPE = YES_ERROR;
				GCC_WARN_UNDECLARED_SELECTOR = YES;
				GCC_WARN_UNINITIALIZED_AUTOS = YES_AGGRESSIVE;
				GCC_WARN_UNUSED_FUNCTION = YES;
				GCC_WARN_UNUSED_VARIABLE = YES;
				MACOSX_DEPLOYMENT_TARGET = 10.10;
				MTL_ENABLE_DEBUG_INFO = YES;
				ONLY_ACTIVE_ARCH = YES;
				SDKROOT = macosx;
				SWIFT_OPTIMIZATION_LEVEL = "-Onone";
			};
			name = Debug;
		};
		476B784E1B97008300EFEDAC /* Release */ = {
			isa = XCBuildConfiguration;
			buildSettings = {
				ALWAYS_SEARCH_USER_PATHS = NO;
				CLANG_ANALYZER_LOCALIZABILITY_NONLOCALIZED = YES;
				CLANG_CXX_LANGUAGE_STANDARD = "gnu++0x";
				CLANG_CXX_LIBRARY = "libc++";
				CLANG_ENABLE_MODULES = YES;
				CLANG_ENABLE_OBJC_ARC = YES;
				CLANG_WARN_BLOCK_CAPTURE_AUTORELEASING = YES;
				CLANG_WARN_BOOL_CONVERSION = YES;
				CLANG_WARN_COMMA = YES;
				CLANG_WARN_CONSTANT_CONVERSION = YES;
				CLANG_WARN_DEPRECATED_OBJC_IMPLEMENTATIONS = YES;
				CLANG_WARN_DIRECT_OBJC_ISA_USAGE = YES_ERROR;
				CLANG_WARN_EMPTY_BODY = YES;
				CLANG_WARN_ENUM_CONVERSION = YES;
				CLANG_WARN_INFINITE_RECURSION = YES;
				CLANG_WARN_INT_CONVERSION = YES;
				CLANG_WARN_NON_LITERAL_NULL_CONVERSION = YES;
				CLANG_WARN_OBJC_IMPLICIT_RETAIN_SELF = YES;
				CLANG_WARN_OBJC_LITERAL_CONVERSION = YES;
				CLANG_WARN_OBJC_ROOT_CLASS = YES_ERROR;
				CLANG_WARN_QUOTED_INCLUDE_IN_FRAMEWORK_HEADER = YES;
				CLANG_WARN_RANGE_LOOP_ANALYSIS = YES;
				CLANG_WARN_STRICT_PROTOTYPES = YES;
				CLANG_WARN_SUSPICIOUS_MOVE = YES;
				CLANG_WARN_UNREACHABLE_CODE = YES;
				CLANG_WARN__DUPLICATE_METHOD_MATCH = YES;
				COPY_PHASE_STRIP = NO;
				DEBUG_INFORMATION_FORMAT = "dwarf-with-dsym";
				ENABLE_NS_ASSERTIONS = NO;
				ENABLE_STRICT_OBJC_MSGSEND = YES;
				GCC_C_LANGUAGE_STANDARD = gnu99;
				GCC_NO_COMMON_BLOCKS = YES;
				GCC_WARN_64_TO_32_BIT_CONVERSION = YES;
				GCC_WARN_ABOUT_RETURN_TYPE = YES_ERROR;
				GCC_WARN_UNDECLARED_SELECTOR = YES;
				GCC_WARN_UNINITIALIZED_AUTOS = YES_AGGRESSIVE;
				GCC_WARN_UNUSED_FUNCTION = YES;
				GCC_WARN_UNUSED_VARIABLE = YES;
				MACOSX_DEPLOYMENT_TARGET = 10.10;
				MTL_ENABLE_DEBUG_INFO = NO;
				SDKROOT = macosx;
				SWIFT_COMPILATION_MODE = wholemodule;
			};
			name = Release;
		};
		476B78501B97008300EFEDAC /* Debug */ = {
			isa = XCBuildConfiguration;
			buildSettings = {
				CODE_SIGN_IDENTITY = "-";
				PRODUCT_NAME = "$(TARGET_NAME)";
				SWIFT_VERSION = 5.0;
			};
			name = Debug;
		};
		476B78511B97008300EFEDAC /* Release */ = {
			isa = XCBuildConfiguration;
			buildSettings = {
				CODE_SIGN_IDENTITY = "-";
				PRODUCT_NAME = "$(TARGET_NAME)";
				SWIFT_VERSION = 5.0;
			};
			name = Release;
		};
/* End XCBuildConfiguration section */

/* Begin XCConfigurationList section */
		476B78431B97008300EFEDAC /* Build configuration list for PBXProject "FuzzyLogic" */ = {
			isa = XCConfigurationList;
			buildConfigurations = (
				476B784D1B97008300EFEDAC /* Debug */,
				476B784E1B97008300EFEDAC /* Release */,
			);
			defaultConfigurationIsVisible = 0;
			defaultConfigurationName = Release;
		};
		476B784F1B97008300EFEDAC /* Build configuration list for PBXNativeTarget "FuzzyLogic" */ = {
			isa = XCConfigurationList;
			buildConfigurations = (
				476B78501B97008300EFEDAC /* Debug */,
				476B78511B97008300EFEDAC /* Release */,
			);
			defaultConfigurationIsVisible = 0;
			defaultConfigurationName = Release;
		};
/* End XCConfigurationList section */
	};
	rootObject = 476B78401B97008300EFEDAC /* Project object */;
}
